// !$*UTF8*$!
{
	archiveVersion = 1;
	classes = {
	};
	objectVersion = 77;
	objects = {

/* Begin PBXContainerItemProxy section */
		1BAFC8612EF9F0E700ED5E17 /* PBXContainerItemProxy */ = {
			isa = PBXContainerItemProxy;
			containerPortal = 1BAFC84B2EF9F0E500ED5E17 /* Project object */;
			proxyType = 1;
			remoteGlobalIDString = 1BAFC8522EF9F0E500ED5E17;
			remoteInfo = SimpleShop;
		};
		1BAFC86B2EF9F0E700ED5E17 /* PBXContainerItemProxy */ = {
			isa = PBXContainerItemProxy;
			containerPortal = 1BAFC84B2EF9F0E500ED5E17 /* Project object */;
			proxyType = 1;
			remoteGlobalIDString = 1BAFC8522EF9F0E500ED5E17;
			remoteInfo = SimpleShop;
		};
/* End PBXContainerItemProxy section */

/* Begin PBXFileReference section */
		1BAFC8532EF9F0E500ED5E17 /* SimpleShop.app */ = {isa = PBXFileReference; explicitFileType = wrapper.application; includeInIndex = 0; path = SimpleShop.app; sourceTree = BUILT_PRODUCTS_DIR; };
		1BAFC8602EF9F0E700ED5E17 /* SimpleShopTests.xctest */ = {isa = PBXFileReference; explicitFileType = wrapper.cfbundle; includeInIndex = 0; path = SimpleShopTests.xctest; sourceTree = BUILT_PRODUCTS_DIR; };
		1BAFC86A2EF9F0E700ED5E17 /* SimpleShopUITests.xctest */ = {isa = PBXFileReference; explicitFileType = wrapper.cfbundle; includeInIndex = 0; path = SimpleShopUITests.xctest; sourceTree = BUILT_PRODUCTS_DIR; };
/* End PBXFileReference section */

/* Begin PBXFileSystemSynchronizedRootGroup section */
		1BAFC8552EF9F0E500ED5E17 /* SimpleShop */ = {
			isa = PBXFileSystemSynchronizedRootGroup;
			path = SimpleShop;
			sourceTree = "<group>";
		};
		1BAFC8632EF9F0E700ED5E17 /* SimpleShopTests */ = {
			isa = PBXFileSystemSynchronizedRootGroup;
			path = SimpleShopTests;
			sourceTree = "<group>";
		};
		1BAFC86D2EF9F0E700ED5E17 /* SimpleShopUITests */ = {
			isa = PBXFileSystemSynchronizedRootGroup;
			path = SimpleShopUITests;
			sourceTree = "<group>";
		};
/* End PBXFileSystemSynchronizedRootGroup section */

/* Begin PBXFrameworksBuildPhase section */
		1BAFC8502EF9F0E500ED5E17 /* Frameworks */ = {
			isa = PBXFrameworksBuildPhase;
			buildActionMask = 2147483647;
			files = (
			);
			runOnlyForDeploymentPostprocessing = 0;
		};
		1BAFC85D2EF9F0E700ED5E17 /* Frameworks */ = {
			isa = PBXFrameworksBuildPhase;
			buildActionMask = 2147483647;
			files = (
			);
			runOnlyForDeploymentPostprocessing = 0;
		};
		1BAFC8672EF9F0E700ED5E17 /* Frameworks */ = {
			isa = PBXFrameworksBuildPhase;
			buildActionMask = 2147483647;
			files = (
			);
			runOnlyForDeploymentPostprocessing = 0;
		};
/* End PBXFrameworksBuildPhase section */

/* Begin PBXGroup section */
		1BAFC84A2EF9F0E500ED5E17 = {
			isa = PBXGroup;
			children = (
				1BAFC8552EF9F0E500ED5E17 /* SimpleShop */,
				1BAFC8632EF9F0E700ED5E17 /* SimpleShopTests */,
				1BAFC86D2EF9F0E700ED5E17 /* SimpleShopUITests */,
				1BAFC8542EF9F0E500ED5E17 /* Products */,
			);
			sourceTree = "<group>";
		};
		1BAFC8542EF9F0E500ED5E17 /* Products */ = {
			isa = PBXGroup;
			children = (
				1BAFC8532EF9F0E500ED5E17 /* SimpleShop.app */,
				1BAFC8602EF9F0E700ED5E17 /* SimpleShopTests.xctest */,
				1BAFC86A2EF9F0E700ED5E17 /* SimpleShopUITests.xctest */,
			);
			name = Products;
			sourceTree = "<group>";
		};
/* End PBXGroup section */

/* Begin PBXNativeTarget section */
		1BAFC8522EF9F0E500ED5E17 /* SimpleShop */ = {
			isa = PBXNativeTarget;
			buildConfigurationList = 1BAFC8742EF9F0E700ED5E17 /* Build configuration list for PBXNativeTarget "SimpleShop" */;
			buildPhases = (
				1BAFC84F2EF9F0E500ED5E17 /* Sources */,
				1BAFC8502EF9F0E500ED5E17 /* Frameworks */,
				1BAFC8512EF9F0E500ED5E17 /* Resources */,
			);
			buildRules = (
			);
			dependencies = (
			);
			fileSystemSynchronizedGroups = (
				1BAFC8552EF9F0E500ED5E17 /* SimpleShop */,
			);
			name = SimpleShop;
			packageProductDependencies = (
			);
			productName = SimpleShop;
			productReference = 1BAFC8532EF9F0E500ED5E17 /* SimpleShop.app */;
			productType = "com.apple.product-type.application";
		};
		1BAFC85F2EF9F0E700ED5E17 /* SimpleShopTests */ = {
			isa = PBXNativeTarget;
			buildConfigurationList = 1BAFC8772EF9F0E700ED5E17 /* Build configuration list for PBXNativeTarget "SimpleShopTests" */;
			buildPhases = (
				1BAFC85C2EF9F0E700ED5E17 /* Sources */,
				1BAFC85D2EF9F0E700ED5E17 /* Frameworks */,
				1BAFC85E2EF9F0E700ED5E17 /* Resources */,
			);
			buildRules = (
			);
			dependencies = (
				1BAFC8622EF9F0E700ED5E17 /* PBXTargetDependency */,
			);
			fileSystemSynchronizedGroups = (
				1BAFC8632EF9F0E700ED5E17 /* SimpleShopTests */,
			);
			name = SimpleShopTests;
			packageProductDependencies = (
			);
			productName = SimpleShopTests;
			productReference = 1BAFC8602EF9F0E700ED5E17 /* SimpleShopTests.xctest */;
			productType = "com.apple.product-type.bundle.unit-test";
		};
		1BAFC8692EF9F0E700ED5E17 /* SimpleShopUITests */ = {
			isa = PBXNativeTarget;
			buildConfigurationList = 1BAFC87A2EF9F0E700ED5E17 /* Build configuration list for PBXNativeTarget "SimpleShopUITests" */;
			buildPhases = (
				1BAFC8662EF9F0E700ED5E17 /* Sources */,
				1BAFC8672EF9F0E700ED5E17 /* Frameworks */,
				1BAFC8682EF9F0E700ED5E17 /* Resources */,
			);
			buildRules = (
			);
			dependencies = (
				1BAFC86C2EF9F0E700ED5E17 /* PBXTargetDependency */,
			);
			fileSystemSynchronizedGroups = (
				1BAFC86D2EF9F0E700ED5E17 /* SimpleShopUITests */,
			);
			name = SimpleShopUITests;
			packageProductDependencies = (
			);
			productName = SimpleShopUITests;
			productReference = 1BAFC86A2EF9F0E700ED5E17 /* SimpleShopUITests.xctest */;
			productType = "com.apple.product-type.bundle.ui-testing";
		};
/* End PBXNativeTarget section */

/* Begin PBXProject section */
		1BAFC84B2EF9F0E500ED5E17 /* Project object */ = {
			isa = PBXProject;
			attributes = {
				BuildIndependentTargetsInParallel = 1;
				LastSwiftUpdateCheck = 2620;
				LastUpgradeCheck = 2620;
				TargetAttributes = {
					1BAFC8522EF9F0E500ED5E17 = {
						CreatedOnToolsVersion = 26.2;
					};
					1BAFC85F2EF9F0E700ED5E17 = {
						CreatedOnToolsVersion = 26.2;
						TestTargetID = 1BAFC8522EF9F0E500ED5E17;
					};
					1BAFC8692EF9F0E700ED5E17 = {
						CreatedOnToolsVersion = 26.2;
						TestTargetID = 1BAFC8522EF9F0E500ED5E17;
					};
				};
			};
			buildConfigurationList = 1BAFC84E2EF9F0E500ED5E17 /* Build configuration list for PBXProject "SimpleShop" */;
			developmentRegion = en;
			hasScannedForEncodings = 0;
			knownRegions = (
				en,
				Base,
			);
			mainGroup = 1BAFC84A2EF9F0E500ED5E17;
			minimizedProjectReferenceProxies = 1;
			preferredProjectObjectVersion = 77;
			productRefGroup = 1BAFC8542EF9F0E500ED5E17 /* Products */;
			projectDirPath = "";
			projectRoot = "";
			targets = (
				1BAFC8522EF9F0E500ED5E17 /* SimpleShop */,
				1BAFC85F2EF9F0E700ED5E17 /* SimpleShopTests */,
				1BAFC8692EF9F0E700ED5E17 /* SimpleShopUITests */,
			);
		};
/* End PBXProject section */

/* Begin PBXResourcesBuildPhase section */
		1BAFC8512EF9F0E500ED5E17 /* Resources */ = {
			isa = PBXResourcesBuildPhase;
			buildActionMask = 2147483647;
			files = (
			);
			runOnlyForDeploymentPostprocessing = 0;
		};
		1BAFC85E2EF9F0E700ED5E17 /* Resources */ = {
			isa = PBXResourcesBuildPhase;
			buildActionMask = 2147483647;
			files = (
			);
			runOnlyForDeploymentPostprocessing = 0;
		};
		1BAFC8682EF9F0E700ED5E17 /* Resources */ = {
			isa = PBXResourcesBuildPhase;
			buildActionMask = 2147483647;
			files = (
			);
			runOnlyForDeploymentPostprocessing = 0;
		};
/* End PBXResourcesBuildPhase section */

/* Begin PBXSourcesBuildPhase section */
		1BAFC84F2EF9F0E500ED5E17 /* Sources */ = {
			isa = PBXSourcesBuildPhase;
			buildActionMask = 2147483647;
			files = (
			);
			runOnlyForDeploymentPostprocessing = 0;
		};
		1BAFC85C2EF9F0E700ED5E17 /* Sources */ = {
			isa = PBXSourcesBuildPhase;
			buildActionMask = 2147483647;
			files = (
			);
			runOnlyForDeploymentPostprocessing = 0;
		};
		1BAFC8662EF9F0E700ED5E17 /* Sources */ = {
			isa = PBXSourcesBuildPhase;
			buildActionMask = 2147483647;
			files = (
			);
			runOnlyForDeploymentPostprocessing = 0;
		};
/* End PBXSourcesBuildPhase section */

/* Begin PBXTargetDependency section */
		1BAFC8622EF9F0E700ED5E17 /* PBXTargetDependency */ = {
			isa = PBXTargetDependency;
			target = 1BAFC8522EF9F0E500ED5E17 /* SimpleShop */;
			targetProxy = 1BAFC8612EF9F0E700ED5E17 /* PBXContainerItemProxy */;
		};
		1BAFC86C2EF9F0E700ED5E17 /* PBXTargetDependency */ = {
			isa = PBXTargetDependency;
			target = 1BAFC8522EF9F0E500ED5E17 /* SimpleShop */;
			targetProxy = 1BAFC86B2EF9F0E700ED5E17 /* PBXContainerItemProxy */;
		};
/* End PBXTargetDependency section */

/* Begin XCBuildConfiguration section */
		1BAFC8722EF9F0E700ED5E17 /* Debug */ = {
			isa = XCBuildConfiguration;
			buildSettings = {
				ALWAYS_SEARCH_USER_PATHS = NO;
				ASSETCATALOG_COMPILER_GENERATE_SWIFT_ASSET_SYMBOL_EXTENSIONS = YES;
				CLANG_ANALYZER_NONNULL = YES;
				CLANG_ANALYZER_NUMBER_OBJECT_CONVERSION = YES_AGGRESSIVE;
				CLANG_CXX_LANGUAGE_STANDARD = "gnu++20";
				CLANG_ENABLE_MODULES = YES;
				CLANG_ENABLE_OBJC_ARC = YES;
				CLANG_ENABLE_OBJC_WEAK = YES;
				CLANG_WARN_BLOCK_CAPTURE_AUTORELEASING = YES;
				CLANG_WARN_BOOL_CONVERSION = YES;
				CLANG_WARN_COMMA = YES;
				CLANG_WARN_CONSTANT_CONVERSION = YES;
				CLANG_WARN_DEPRECATED_OBJC_IMPLEMENTATIONS = YES;
				CLANG_WARN_DIRECT_OBJC_ISA_USAGE = YES_ERROR;
				CLANG_WARN_DOCUMENTATION_COMMENTS = YES;
				CLANG_WARN_EMPTY_BODY = YES;
				CLANG_WARN_ENUM_CONVERSION = YES;
				CLANG_WARN_INFINITE_RECURSION = YES;
				CLANG_WARN_INT_CONVERSION = YES;
				CLANG_WARN_NON_LITERAL_NULL_CONVERSION = YES;
				CLANG_WARN_OBJC_IMPLICIT_RETAIN_SELF = YES;
				CLANG_WARN_OBJC_LITERAL_CONVERSION = YES;
				CLANG_WARN_OBJC_ROOT_CLASS = YES_ERROR;
				CLANG_WARN_QUOTED_INCLUDE_IN_FRAMEWORK_HEADER = YES;
				CLANG_WARN_RANGE_LOOP_ANALYSIS = YES;
				CLANG_WARN_STRICT_PROTOTYPES = YES;
				CLANG_WARN_SUSPICIOUS_MOVE = YES;
				CLANG_WARN_UNGUARDED_AVAILABILITY = YES_AGGRESSIVE;
				CLANG_WARN_UNREACHABLE_CODE = YES;
				CLANG_WARN__DUPLICATE_METHOD_MATCH = YES;
				COPY_PHASE_STRIP = NO;
				DEBUG_INFORMATION_FORMAT = dwarf;
				DEVELOPMENT_TEAM = GJ9DP84VZZ;
				ENABLE_STRICT_OBJC_MSGSEND = YES;
				ENABLE_TESTABILITY = YES;
				ENABLE_USER_SCRIPT_SANDBOXING = YES;
				GCC_C_LANGUAGE_STANDARD = gnu17;
				GCC_DYNAMIC_NO_PIC = NO;
				GCC_NO_COMMON_BLOCKS = YES;
				GCC_OPTIMIZATION_LEVEL = 0;
				GCC_PREPROCESSOR_DEFINITIONS = (
					"DEBUG=1",
					"$(inherited)",
				);
				GCC_WARN_64_TO_32_BIT_CONVERSION = YES;
				GCC_WARN_ABOUT_RETURN_TYPE = YES_ERROR;
				GCC_WARN_UNDECLARED_SELECTOR = YES;
				GCC_WARN_UNINITIALIZED_AUTOS = YES_AGGRESSIVE;
				GCC_WARN_UNUSED_FUNCTION = YES;
				GCC_WARN_UNUSED_VARIABLE = YES;
				IPHONEOS_DEPLOYMENT_TARGET = 26.2;
				LOCALIZATION_PREFERS_STRING_CATALOGS = YES;
				MTL_ENABLE_DEBUG_INFO = INCLUDE_SOURCE;
				MTL_FAST_MATH = YES;
				ONLY_ACTIVE_ARCH = YES;
				SDKROOT = iphoneos;
				SWIFT_ACTIVE_COMPILATION_CONDITIONS = "DEBUG $(inherited)";
				SWIFT_OPTIMIZATION_LEVEL = "-Onone";
			};
			name = Debug;
		};
		1BAFC8732EF9F0E700ED5E17 /* Release */ = {
			isa = XCBuildConfiguration;
			buildSettings = {
				ALWAYS_SEARCH_USER_PATHS = NO;
				ASSETCATALOG_COMPILER_GENERATE_SWIFT_ASSET_SYMBOL_EXTENSIONS = YES;
				CLANG_ANALYZER_NONNULL = YES;
				CLANG_ANALYZER_NUMBER_OBJECT_CONVERSION = YES_AGGRESSIVE;
				CLANG_CXX_LANGUAGE_STANDARD = "gnu++20";
				CLANG_ENABLE_MODULES = YES;
				CLANG_ENABLE_OBJC_ARC = YES;
				CLANG_ENABLE_OBJC_WEAK = YES;
				CLANG_WARN_BLOCK_CAPTURE_AUTORELEASING = YES;
				CLANG_WARN_BOOL_CONVERSION = YES;
				CLANG_WARN_COMMA = YES;
				CLANG_WARN_CONSTANT_CONVERSION = YES;
				CLANG_WARN_DEPRECATED_OBJC_IMPLEMENTATIONS = YES;
				CLANG_WARN_DIRECT_OBJC_ISA_USAGE = YES_ERROR;
				CLANG_WARN_DOCUMENTATION_COMMENTS = YES;
				CLANG_WARN_EMPTY_BODY = YES;
				CLANG_WARN_ENUM_CONVERSION = YES;
				CLANG_WARN_INFINITE_RECURSION = YES;
				CLANG_WARN_INT_CONVERSION = YES;
				CLANG_WARN_NON_LITERAL_NULL_CONVERSION = YES;
				CLANG_WARN_OBJC_IMPLICIT_RETAIN_SELF = YES;
				CLANG_WARN_OBJC_LITERAL_CONVERSION = YES;
				CLANG_WARN_OBJC_ROOT_CLASS = YES_ERROR;
				CLANG_WARN_QUOTED_INCLUDE_IN_FRAMEWORK_HEADER = YES;
				CLANG_WARN_RANGE_LOOP_ANALYSIS = YES;
				CLANG_WARN_STRICT_PROTOTYPES = YES;
				CLANG_WARN_SUSPICIOUS_MOVE = YES;
				CLANG_WARN_UNGUARDED_AVAILABILITY = YES_AGGRESSIVE;
				CLANG_WARN_UNREACHABLE_CODE = YES;
				CLANG_WARN__DUPLICATE_METHOD_MATCH = YES;
				COPY_PHASE_STRIP = NO;
				DEBUG_INFORMATION_FORMAT = "dwarf-with-dsym";
				DEVELOPMENT_TEAM = GJ9DP84VZZ;
				ENABLE_NS_ASSERTIONS = NO;
				ENABLE_STRICT_OBJC_MSGSEND = YES;
				ENABLE_USER_SCRIPT_SANDBOXING = YES;
				GCC_C_LANGUAGE_STANDARD = gnu17;
				GCC_NO_COMMON_BLOCKS = YES;
				GCC_WARN_64_TO_32_BIT_CONVERSION = YES;
				GCC_WARN_ABOUT_RETURN_TYPE = YES_ERROR;
				GCC_WARN_UNDECLARED_SELECTOR = YES;
				GCC_WARN_UNINITIALIZED_AUTOS = YES_AGGRESSIVE;
				GCC_WARN_UNUSED_FUNCTION = YES;
				GCC_WARN_UNUSED_VARIABLE = YES;
				IPHONEOS_DEPLOYMENT_TARGET = 26.2;
				LOCALIZATION_PREFERS_STRING_CATALOGS = YES;
				MTL_ENABLE_DEBUG_INFO = NO;
				MTL_FAST_MATH = YES;
				SDKROOT = iphoneos;
				SWIFT_COMPILATION_MODE = wholemodule;
				VALIDATE_PRODUCT = YES;
			};
			name = Release;
		};
		1BAFC8752EF9F0E700ED5E17 /* Debug */ = {
			isa = XCBuildConfiguration;
			buildSettings = {
				ASSETCATALOG_COMPILER_APPICON_NAME = AppIcon;
				ASSETCATALOG_COMPILER_GLOBAL_ACCENT_COLOR_NAME = AccentColor;
				CODE_SIGN_STYLE = Automatic;
				CURRENT_PROJECT_VERSION = 1;
				DEVELOPMENT_TEAM = GJ9DP84VZZ;
				ENABLE_PREVIEWS = YES;
				GENERATE_INFOPLIST_FILE = YES;
				INFOPLIST_KEY_UIApplicationSceneManifest_Generation = YES;
				INFOPLIST_KEY_UIApplicationSupportsIndirectInputEvents = YES;
				INFOPLIST_KEY_UILaunchScreen_Generation = YES;
				INFOPLIST_KEY_UISupportedInterfaceOrientations_iPad = "UIInterfaceOrientationPortrait UIInterfaceOrientationPortraitUpsideDown UIInterfaceOrientationLandscapeLeft UIInterfaceOrientationLandscapeRight";
				INFOPLIST_KEY_UISupportedInterfaceOrientations_iPhone = "UIInterfaceOrientationPortrait UIInterfaceOrientationLandscapeLeft UIInterfaceOrientationLandscapeRight";
				LD_RUNPATH_SEARCH_PATHS = (
					"$(inherited)",
					"@executable_path/Frameworks",
				);
				MARKETING_VERSION = 1.0;
				PRODUCT_BUNDLE_IDENTIFIER = simpleapps.SimpleShop;
				PRODUCT_NAME = "$(TARGET_NAME)";
				STRING_CATALOG_GENERATE_SYMBOLS = YES;
				SWIFT_APPROACHABLE_CONCURRENCY = YES;
				SWIFT_DEFAULT_ACTOR_ISOLATION = MainActor;
				SWIFT_EMIT_LOC_STRINGS = YES;
				SWIFT_UPCOMING_FEATURE_MEMBER_IMPORT_VISIBILITY = YES;
				SWIFT_VERSION = 5.0;
				TARGETED_DEVICE_FAMILY = "1,2";
			};
			name = Debug;
		};
		1BAFC8762EF9F0E700ED5E17 /* Release */ = {
			isa = XCBuildConfiguration;
			buildSettings = {
				ASSETCATALOG_COMPILER_APPICON_NAME = AppIcon;
				ASSETCATALOG_COMPILER_GLOBAL_ACCENT_COLOR_NAME = AccentColor;
				CODE_SIGN_STYLE = Automatic;
				CURRENT_PROJECT_VERSION = 1;
				DEVELOPMENT_TEAM = GJ9DP84VZZ;
				ENABLE_PREVIEWS = YES;
				GENERATE_INFOPLIST_FILE = YES;
				INFOPLIST_KEY_UIApplicationSceneManifest_Generation = YES;
				INFOPLIST_KEY_UIApplicationSupportsIndirectInputEvents = YES;
				INFOPLIST_KEY_UILaunchScreen_Generation = YES;
				INFOPLIST_KEY_UISupportedInterfaceOrientations_iPad = "UIInterfaceOrientationPortrait UIInterfaceOrientationPortraitUpsideDown UIInterfaceOrientationLandscapeLeft UIInterfaceOrientationLandscapeRight";
				INFOPLIST_KEY_UISupportedInterfaceOrientations_iPhone = "UIInterfaceOrientationPortrait UIInterfaceOrientationLandscapeLeft UIInterfaceOrientationLandscapeRight";
				LD_RUNPATH_SEARCH_PATHS = (
					"$(inherited)",
					"@executable_path/Frameworks",
				);
				MARKETING_VERSION = 1.0;
				PRODUCT_BUNDLE_IDENTIFIER = simpleapps.SimpleShop;
				PRODUCT_NAME = "$(TARGET_NAME)";
				STRING_CATALOG_GENERATE_SYMBOLS = YES;
				SWIFT_APPROACHABLE_CONCURRENCY = YES;
				SWIFT_DEFAULT_ACTOR_ISOLATION = MainActor;
				SWIFT_EMIT_LOC_STRINGS = YES;
				SWIFT_UPCOMING_FEATURE_MEMBER_IMPORT_VISIBILITY = YES;
				SWIFT_VERSION = 5.0;
				TARGETED_DEVICE_FAMILY = "1,2";
			};
			name = Release;
		};
		1BAFC8782EF9F0E700ED5E17 /* Debug */ = {
			isa = XCBuildConfiguration;
			buildSettings = {
				BUNDLE_LOADER = "$(TEST_HOST)";
				CODE_SIGN_STYLE = Automatic;
				CURRENT_PROJECT_VERSION = 1;
				DEVELOPMENT_TEAM = GJ9DP84VZZ;
				GENERATE_INFOPLIST_FILE = YES;
				IPHONEOS_DEPLOYMENT_TARGET = 26.2;
				MARKETING_VERSION = 1.0;
				PRODUCT_BUNDLE_IDENTIFIER = simpleapps.SimpleShopTests;
				PRODUCT_NAME = "$(TARGET_NAME)";
				STRING_CATALOG_GENERATE_SYMBOLS = NO;
				SWIFT_APPROACHABLE_CONCURRENCY = YES;
				SWIFT_EMIT_LOC_STRINGS = NO;
				SWIFT_UPCOMING_FEATURE_MEMBER_IMPORT_VISIBILITY = YES;
				SWIFT_VERSION = 5.0;
				TARGETED_DEVICE_FAMILY = "1,2";
				TEST_HOST = "$(BUILT_PRODUCTS_DIR)/SimpleShop.app/$(BUNDLE_EXECUTABLE_FOLDER_PATH)/SimpleShop";
			};
			name = Debug;
		};
		1BAFC8792EF9F0E700ED5E17 /* Release */ = {
			isa = XCBuildConfiguration;
			buildSettings = {
				BUNDLE_LOADER = "$(TEST_HOST)";
				CODE_SIGN_STYLE = Automatic;
				CURRENT_PROJECT_VERSION = 1;
				DEVELOPMENT_TEAM = GJ9DP84VZZ;
				GENERATE_INFOPLIST_FILE = YES;
				IPHONEOS_DEPLOYMENT_TARGET = 26.2;
				MARKETING_VERSION = 1.0;
				PRODUCT_BUNDLE_IDENTIFIER = simpleapps.SimpleShopTests;
				PRODUCT_NAME = "$(TARGET_NAME)";
				STRING_CATALOG_GENERATE_SYMBOLS = NO;
				SWIFT_APPROACHABLE_CONCURRENCY = YES;
				SWIFT_EMIT_LOC_STRINGS = NO;
				SWIFT_UPCOMING_FEATURE_MEMBER_IMPORT_VISIBILITY = YES;
				SWIFT_VERSION = 5.0;
				TARGETED_DEVICE_FAMILY = "1,2";
				TEST_HOST = "$(BUILT_PRODUCTS_DIR)/SimpleShop.app/$(BUNDLE_EXECUTABLE_FOLDER_PATH)/SimpleShop";
			};
			name = Release;
		};
		1BAFC87B2EF9F0E700ED5E17 /* Debug */ = {
			isa = XCBuildConfiguration;
			buildSettings = {
				CODE_SIGN_STYLE = Automatic;
				CURRENT_PROJECT_VERSION = 1;
				DEVELOPMENT_TEAM = GJ9DP84VZZ;
				GENERATE_INFOPLIST_FILE = YES;
				MARKETING_VERSION = 1.0;
				PRODUCT_BUNDLE_IDENTIFIER = simpleapps.SimpleShopUITests;
				PRODUCT_NAME = "$(TARGET_NAME)";
				STRING_CATALOG_GENERATE_SYMBOLS = NO;
				SWIFT_APPROACHABLE_CONCURRENCY = YES;
				SWIFT_EMIT_LOC_STRINGS = NO;
				SWIFT_UPCOMING_FEATURE_MEMBER_IMPORT_VISIBILITY = YES;
				SWIFT_VERSION = 5.0;
				TARGETED_DEVICE_FAMILY = "1,2";
				TEST_TARGET_NAME = SimpleShop;
			};
			name = Debug;
		};
		1BAFC87C2EF9F0E700ED5E17 /* Release */ = {
			isa = XCBuildConfiguration;
			buildSettings = {
				CODE_SIGN_STYLE = Automatic;
				CURRENT_PROJECT_VERSION = 1;
				DEVELOPMENT_TEAM = GJ9DP84VZZ;
				GENERATE_INFOPLIST_FILE = YES;
				MARKETING_VERSION = 1.0;
				PRODUCT_BUNDLE_IDENTIFIER = simpleapps.SimpleShopUITests;
				PRODUCT_NAME = "$(TARGET_NAME)";
				STRING_CATALOG_GENERATE_SYMBOLS = NO;
				SWIFT_APPROACHABLE_CONCURRENCY = YES;
				SWIFT_EMIT_LOC_STRINGS = NO;
				SWIFT_UPCOMING_FEATURE_MEMBER_IMPORT_VISIBILITY = YES;
				SWIFT_VERSION = 5.0;
				TARGETED_DEVICE_FAMILY = "1,2";
				TEST_TARGET_NAME = SimpleShop;
			};
			name = Release;
		};
/* End XCBuildConfiguration section */

/* Begin XCConfigurationList section */
		1BAFC84E2EF9F0E500ED5E17 /* Build configuration list for PBXProject "SimpleShop" */ = {
			isa = XCConfigurationList;
			buildConfigurations = (
				1BAFC8722EF9F0E700ED5E17 /* Debug */,
				1BAFC8732EF9F0E700ED5E17 /* Release */,
			);
			defaultConfigurationIsVisible = 0;
			defaultConfigurationName = Release;
		};
		1BAFC8742EF9F0E700ED5E17 /* Build configuration list for PBXNativeTarget "SimpleShop" */ = {
			isa = XCConfigurationList;
			buildConfigurations = (
				1BAFC8752EF9F0E700ED5E17 /* Debug */,
				1BAFC8762EF9F0E700ED5E17 /* Release */,
			);
			defaultConfigurationIsVisible = 0;
			defaultConfigurationName = Release;
		};
		1BAFC8772EF9F0E700ED5E17 /* Build configuration list for PBXNativeTarget "SimpleShopTests" */ = {
			isa = XCConfigurationList;
			buildConfigurations = (
				1BAFC8782EF9F0E700ED5E17 /* Debug */,
				1BAFC8792EF9F0E700ED5E17 /* Release */,
			);
			defaultConfigurationIsVisible = 0;
			defaultConfigurationName = Release;
		};
		1BAFC87A2EF9F0E700ED5E17 /* Build configuration list for PBXNativeTarget "SimpleShopUITests" */ = {
			isa = XCConfigurationList;
			buildConfigurations = (
				1BAFC87B2EF9F0E700ED5E17 /* Debug */,
				1BAFC87C2EF9F0E700ED5E17 /* Release */,
			);
			defaultConfigurationIsVisible = 0;
			defaultConfigurationName = Release;
		};
/* End XCConfigurationList section */
	};
	rootObject = 1BAFC84B2EF9F0E500ED5E17 /* Project object */;
}
